
Microsoft Visual Studio Solution File, Format Version 12.00
# Visual Studio Version 17
VisualStudioVersion = 17.3.32825.248
MinimumVisualStudioVersion = 10.0.40219.1
Project("{8BC9CEB8-8B4A-11D0-8D11-00A0C91BC942}") = "5주차 3번", "5주차 3번.vcxproj", "{C4276C58-A94A-4C84-8957-AF18CBA4C65F}"
EndProject
Global
	GlobalSection(SolutionConfigurationPlatforms) = preSolution
		Debug|x64 = Debug|x64
		Debug|x86 = Debug|x86
		Release|x64 = Release|x64
		Release|x86 = Release|x86
	EndGlobalSection
	GlobalSection(ProjectConfigurationPlatforms) = postSolution
		{C4276C58-A94A-4C84-8957-AF18CBA4C65F}.Debug|x64.ActiveCfg = Debug|x64
		{C4276C58-A94A-4C84-8957-AF18CBA4C65F}.Debug|x64.Build.0 = Debug|x64
		{C4276C58-A94A-4C84-8957-AF18CBA4C65F}.Debug|x86.ActiveCfg = Debug|Win32
		{C4276C58-A94A-4C84-8957-AF18CBA4C65F}.Debug|x86.Build.0 = Debug|Win32
		{C4276C58-A94A-4C84-8957-AF18CBA4C65F}.Release|x64.ActiveCfg = Release|x64
		{C4276C58-A94A-4C84-8957-AF18CBA4C65F}.Release|x64.Build.0 = Release|x64
		{C4276C58-A94A-4C84-8957-AF18CBA4C65F}.Release|x86.ActiveCfg = Release|Win32
		{C4276C58-A94A-4C84-8957-AF18CBA4C65F}.Release|x86.Build.0 = Release|Win32
	EndGlobalSection
	GlobalSection(SolutionProperties) = preSolution
		HideSolutionNode = FALSE
	EndGlobalSection
	GlobalSection(ExtensibilityGlobals) = postSolution
		SolutionGuid = {C6AB26A0-277F-40BE-B3D8-476F2EC4A6EC}
	EndGlobalSection
EndGlobal
