
Microsoft Visual Studio Solution File, Format Version 12.00
# Visual Studio Version 17
VisualStudioVersion = 17.3.32825.248
MinimumVisualStudioVersion = 10.0.40219.1
Project("{8BC9CEB8-8B4A-11D0-8D11-00A0C91BC942}") = "문2", "문2.vcxproj", "{BEE52879-9C57-4FDE-8A5C-1639B4A4384E}"
EndProject
Global
	GlobalSection(SolutionConfigurationPlatforms) = preSolution
		Debug|x64 = Debug|x64
		Debug|x86 = Debug|x86
		Release|x64 = Release|x64
		Release|x86 = Release|x86
	EndGlobalSection
	GlobalSection(ProjectConfigurationPlatforms) = postSolution
		{BEE52879-9C57-4FDE-8A5C-1639B4A4384E}.Debug|x64.ActiveCfg = Debug|x64
		{BEE52879-9C57-4FDE-8A5C-1639B4A4384E}.Debug|x64.Build.0 = Debug|x64
		{BEE52879-9C57-4FDE-8A5C-1639B4A4384E}.Debug|x86.ActiveCfg = Debug|Win32
		{BEE52879-9C57-4FDE-8A5C-1639B4A4384E}.Debug|x86.Build.0 = Debug|Win32
		{BEE52879-9C57-4FDE-8A5C-1639B4A4384E}.Release|x64.ActiveCfg = Release|x64
		{BEE52879-9C57-4FDE-8A5C-1639B4A4384E}.Release|x64.Build.0 = Release|x64
		{BEE52879-9C57-4FDE-8A5C-1639B4A4384E}.Release|x86.ActiveCfg = Release|Win32
		{BEE52879-9C57-4FDE-8A5C-1639B4A4384E}.Release|x86.Build.0 = Release|Win32
	EndGlobalSection
	GlobalSection(SolutionProperties) = preSolution
		HideSolutionNode = FALSE
	EndGlobalSection
	GlobalSection(ExtensibilityGlobals) = postSolution
		SolutionGuid = {A5F4C53F-A1B4-4922-B0E0-2F2BE920A2D0}
	EndGlobalSection
EndGlobal
